
Microsoft Visual Studio Solution File, Format Version 12.00
# Visual Studio Version 16
VisualStudioVersion = 16.0.31829.152
MinimumVisualStudioVersion = 10.0.40219.1
Project("{FAE04EC0-301F-11D3-BF4B-00C04F79EFBC}") = "Address_Book", "Address_Book\Address_Book.csproj", "{E49AD0D6-9F62-4B34-8550-E7F9FC107BA7}"
EndProject
Global
	GlobalSection(SolutionConfigurationPlatforms) = preSolution
		Debug|Any CPU = Debug|Any CPU
		Release|Any CPU = Release|Any CPU
	EndGlobalSection
	GlobalSection(ProjectConfigurationPlatforms) = postSolution
		{E49AD0D6-9F62-4B34-8550-E7F9FC107BA7}.Debug|Any CPU.ActiveCfg = Debug|Any CPU
		{E49AD0D6-9F62-4B34-8550-E7F9FC107BA7}.Debug|Any CPU.Build.0 = Debug|Any CPU
		{E49AD0D6-9F62-4B34-8550-E7F9FC107BA7}.Release|Any CPU.ActiveCfg = Release|Any CPU
		{E49AD0D6-9F62-4B34-8550-E7F9FC107BA7}.Release|Any CPU.Build.0 = Release|Any CPU
	EndGlobalSection
	GlobalSection(SolutionProperties) = preSolution
		HideSolutionNode = FALSE
	EndGlobalSection
	GlobalSection(ExtensibilityGlobals) = postSolution
		SolutionGuid = {F2A4713C-6787-47E0-A1D0-F9E4FB5117EB}
	EndGlobalSection
EndGlobal
